{
  "name": "virtual-copymaster",
  "lockfileVersion": 2,
  "requires": true,
  "packages": {
    "": {
      "dependencies": {
        "compass": "^0.1.1",
        "three": "^0.153.0"
      }
    },
    "node_modules/compass": {
      "version": "0.1.1",
      "resolved": "https://registry.npmjs.org/compass/-/compass-0.1.1.tgz",
      "integrity": "sha1-XFbV60QtEMGtWYnvXF6SXbYMYOE="
    },
    "node_modules/three": {
      "version": "0.153.0",
      "resolved": "https://registry.npmjs.org/three/-/three-0.153.0.tgz",
      "integrity": "sha512-OCP2/uQR6GcDpSLnJt/3a4mdS0kNWcbfUXIwLoEMgLzEUIVIYsSDwskpmOii/AkDM+BBwrl6+CKgrjX9+E2aWg=="
    }
  },
  "dependencies": {
    "compass": {
      "version": "0.1.1",
      "resolved": "https://registry.npmjs.org/compass/-/compass-0.1.1.tgz",
      "integrity": "sha1-XFbV60QtEMGtWYnvXF6SXbYMYOE="
    },
    "three": {
      "version": "0.153.0",
      "resolved": "https://registry.npmjs.org/three/-/three-0.153.0.tgz",
      "integrity": "sha512-OCP2/uQR6GcDpSLnJt/3a4mdS0kNWcbfUXIwLoEMgLzEUIVIYsSDwskpmOii/AkDM+BBwrl6+CKgrjX9+E2aWg=="
    }
  }
}